// !$*UTF8*$!
{
	archiveVersion = 1;
	classes = {
	};
	objectVersion = 46;
	objects = {

/* Begin PBXBuildFile section */
		992DA9611D1EC9BD005CDC58 /* AppDelegate.swift in Sources */ = {isa = PBXBuildFile; fileRef = 992DA9601D1EC9BD005CDC58 /* AppDelegate.swift */; };
		992DA9631D1EC9BD005CDC58 /* ViewController.swift in Sources */ = {isa = PBXBuildFile; fileRef = 992DA9621D1EC9BD005CDC58 /* ViewController.swift */; };
		992DA9661D1EC9BD005CDC58 /* Main.storyboard in Resources */ = {isa = PBXBuildFile; fileRef = 992DA9641D1EC9BD005CDC58 /* Main.storyboard */; };
		992DA9681D1EC9BD005CDC58 /* Assets.xcassets in Resources */ = {isa = PBXBuildFile; fileRef = 992DA9671D1EC9BD005CDC58 /* Assets.xcassets */; };
		992DA96B1D1EC9BD005CDC58 /* LaunchScreen.storyboard in Resources */ = {isa = PBXBuildFile; fileRef = 992DA9691D1EC9BD005CDC58 /* LaunchScreen.storyboard */; };
/* End PBXBuildFile section */

/* Begin PBXFileReference section */
		992DA95D1D1EC9BD005CDC58 /* ProtocolDemo.app */ = {isa = PBXFileReference; explicitFileType = wrapper.application; includeInIndex = 0; path = ProtocolDemo.app; sourceTree = BUILT_PRODUCTS_DIR; };
		992DA9601D1EC9BD005CDC58 /* AppDelegate.swift */ = {isa = PBXFileReference; lastKnownFileType = sourcecode.swift; path = AppDelegate.swift; sourceTree = "<group>"; };
		992DA9621D1EC9BD005CDC58 /* ViewController.swift */ = {isa = PBXFileReference; lastKnownFileType = sourcecode.swift; path = ViewController.swift; sourceTree = "<group>"; };
		992DA9651D1EC9BD005CDC58 /* Base */ = {isa = PBXFileReference; lastKnownFileType = file.storyboard; name = Base; path = Base.lproj/Main.storyboard; sourceTree = "<group>"; };
		992DA9671D1EC9BD005CDC58 /* Assets.xcassets */ = {isa = PBXFileReference; lastKnownFileType = folder.assetcatalog; path = Assets.xcassets; sourceTree = "<group>"; };
		992DA96A1D1EC9BD005CDC58 /* Base */ = {isa = PBXFileReference; lastKnownFileType = file.storyboard; name = Base; path = Base.lproj/LaunchScreen.storyboard; sourceTree = "<group>"; };
		992DA96C1D1EC9BD005CDC58 /* Info.plist */ = {isa = PBXFileReference; lastKnownFileType = text.plist.xml; path = Info.plist; sourceTree = "<group>"; };
/* End PBXFileReference section */

/* Begin PBXFrameworksBuildPhase section */
		992DA95A1D1EC9BD005CDC58 /* Frameworks */ = {
			isa = PBXFrameworksBuildPhase;
			buildActionMask = 2147483647;
			files = (
			);
			runOnlyForDeploymentPostprocessing = 0;
		};
/* End PBXFrameworksBuildPhase section */

/* Begin PBXGroup section */
		992DA9541D1EC9BD005CDC58 = {
			isa = PBXGroup;
			children = (
				992DA95F1D1EC9BD005CDC58 /* ProtocolDemo */,
				992DA95E1D1EC9BD005CDC58 /* Products */,
			);
			sourceTree = "<group>";
		};
		992DA95E1D1EC9BD005CDC58 /* Products */ = {
			isa = PBXGroup;
			children = (
				992DA95D1D1EC9BD005CDC58 /* ProtocolDemo.app */,
			);
			name = Products;
			sourceTree = "<group>";
		};
		992DA95F1D1EC9BD005CDC58 /* ProtocolDemo */ = {
			isa = PBXGroup;
			children = (
				992DA9601D1EC9BD005CDC58 /* AppDelegate.swift */,
				992DA9621D1EC9BD005CDC58 /* ViewController.swift */,
				992DA9641D1EC9BD005CDC58 /* Main.storyboard */,
				992DA9671D1EC9BD005CDC58 /* Assets.xcassets */,
				992DA9691D1EC9BD005CDC58 /* LaunchScreen.storyboard */,
				992DA96C1D1EC9BD005CDC58 /* Info.plist */,
			);
			path = ProtocolDemo;
			sourceTree = "<group>";
		};
/* End PBXGroup section */

/* Begin PBXNativeTarget section */
		992DA95C1D1EC9BD005CDC58 /* ProtocolDemo */ = {
			isa = PBXNativeTarget;
			buildConfigurationList = 992DA96F1D1EC9BD005CDC58 /* Build configuration list for PBXNativeTarget "ProtocolDemo" */;
			buildPhases = (
				992DA9591D1EC9BD005CDC58 /* Sources */,
				992DA95A1D1EC9BD005CDC58 /* Frameworks */,
				992DA95B1D1EC9BD005CDC58 /* Resources */,
			);
			buildRules = (
			);
			dependencies = (
			);
			name = ProtocolDemo;
			productName = ProtocolDemo;
			productReference = 992DA95D1D1EC9BD005CDC58 /* ProtocolDemo.app */;
			productType = "com.apple.product-type.application";
		};
/* End PBXNativeTarget section */

/* Begin PBXProject section */
		992DA9551D1EC9BD005CDC58 /* Project object */ = {
			isa = PBXProject;
			attributes = {
				LastSwiftUpdateCheck = 0730;
				LastUpgradeCheck = 0730;
				ORGANIZATIONNAME = "Mingming Wang";
				TargetAttributes = {
					992DA95C1D1EC9BD005CDC58 = {
						CreatedOnToolsVersion = 7.3.1;
					};
				};
			};
			buildConfigurationList = 992DA9581D1EC9BD005CDC58 /* Build configuration list for PBXProject "ProtocolDemo" */;
			compatibilityVersion = "Xcode 3.2";
			developmentRegion = English;
			hasScannedForEncodings = 0;
			knownRegions = (
				en,
				Base,
			);
			mainGroup = 992DA9541D1EC9BD005CDC58;
			productRefGroup = 992DA95E1D1EC9BD005CDC58 /* Products */;
			projectDirPath = "";
			projectRoot = "";
			targets = (
				992DA95C1D1EC9BD005CDC58 /* ProtocolDemo */,
			);
		};
/* End PBXProject section */

/* Begin PBXResourcesBuildPhase section */
		992DA95B1D1EC9BD005CDC58 /* Resources */ = {
			isa = PBXResourcesBuildPhase;
			buildActionMask = 2147483647;
			files = (
				992DA96B1D1EC9BD005CDC58 /* LaunchScreen.storyboard in Resources */,
				992DA9681D1EC9BD005CDC58 /* Assets.xcassets in Resources */,
				992DA9661D1EC9BD005CDC58 /* Main.storyboard in Resources */,
			);
			runOnlyForDeploymentPostprocessing = 0;
		};
/* End PBXResourcesBuildPhase section */

/* Begin PBXSourcesBuildPhase section */
		992DA9591D1EC9BD005CDC58 /* Sources */ = {
			isa = PBXSourcesBuildPhase;
			buildActionMask = 2147483647;
			files = (
				992DA9631D1EC9BD005CDC58 /* ViewController.swift in Sources */,
				992DA9611D1EC9BD005CDC58 /* AppDelegate.swift in Sources */,
			);
			runOnlyForDeploymentPostprocessing = 0;
		};
/* End PBXSourcesBuildPhase section */

/* Begin PBXVariantGroup section */
		992DA9641D1EC9BD005CDC58 /* Main.storyboard */ = {
			isa = PBXVariantGroup;
			children = (
				992DA9651D1EC9BD005CDC58 /* Base */,
			);
			name = Main.storyboard;
			sourceTree = "<group>";
		};
		992DA9691D1EC9BD005CDC58 /* LaunchScreen.storyboard */ = {
			isa = PBXVariantGroup;
			children = (
				992DA96A1D1EC9BD005CDC58 /* Base */,
			);
			name = LaunchScreen.storyboard;
			sourceTree = "<group>";
		};
/* End PBXVariantGroup section */

/* Begin XCBuildConfiguration section */
		992DA96D1D1EC9BD005CDC58 /* Debug */ = {
			isa = XCBuildConfiguration;
			buildSettings = {
				ALWAYS_SEARCH_USER_PATHS = NO;
				CLANG_ANALYZER_NONNULL = YES;
				CLANG_CXX_LANGUAGE_STANDARD = "gnu++0x";
				CLANG_CXX_LIBRARY = "libc++";
				CLANG_ENABLE_MODULES = YES;
				CLANG_ENABLE_OBJC_ARC = YES;
				CLANG_WARN_BOOL_CONVERSION = YES;
				CLANG_WARN_CONSTANT_CONVERSION = YES;
				CLANG_WARN_DIRECT_OBJC_ISA_USAGE = YES_ERROR;
				CLANG_WARN_EMPTY_BODY = YES;
				CLANG_WARN_ENUM_CONVERSION = YES;
				CLANG_WARN_INT_CONVERSION = YES;
				CLANG_WARN_OBJC_ROOT_CLASS = YES_ERROR;
				CLANG_WARN_UNREACHABLE_CODE = YES;
				CLANG_WARN__DUPLICATE_METHOD_MATCH = YES;
				"CODE_SIGN_IDENTITY[sdk=iphoneos*]" = "iPhone Developer";
				COPY_PHASE_STRIP = NO;
				DEBUG_INFORMATION_FORMAT = dwarf;
				ENABLE_STRICT_OBJC_MSGSEND = YES;
				ENABLE_TESTABILITY = YES;
				GCC_C_LANGUAGE_STANDARD = gnu99;
				GCC_DYNAMIC_NO_PIC = NO;
				GCC_NO_COMMON_BLOCKS = YES;
				GCC_OPTIMIZATION_LEVEL = 0;
				GCC_PREPROCESSOR_DEFINITIONS = (
					"DEBUG=1",
					"$(inherited)",
				);
				GCC_WARN_64_TO_32_BIT_CONVERSION = YES;
				GCC_WARN_ABOUT_RETURN_TYPE = YES_ERROR;
				GCC_WARN_UNDECLARED_SELECTOR = YES;
				GCC_WARN_UNINITIALIZED_AUTOS = YES_AGGRESSIVE;
				GCC_WARN_UNUSED_FUNCTION = YES;
				GCC_WARN_UNUSED_VARIABLE = YES;
				IPHONEOS_DEPLOYMENT_TARGET = 9.3;
				MTL_ENABLE_DEBUG_INFO = YES;
				ONLY_ACTIVE_ARCH = YES;
				SDKROOT = iphoneos;
				SWIFT_OPTIMIZATION_LEVEL = "-Onone";
			};
			name = Debug;
		};
		992DA96E1D1EC9BD005CDC58 /* Release */ = {
			isa = XCBuildConfiguration;
			buildSettings = {
				ALWAYS_SEARCH_USER_PATHS = NO;
				CLANG_ANALYZER_NONNULL = YES;
				CLANG_CXX_LANGUAGE_STANDARD = "gnu++0x";
				CLANG_CXX_LIBRARY = "libc++";
				CLANG_ENABLE_MODULES = YES;
				CLANG_ENABLE_OBJC_ARC = YES;
				CLANG_WARN_BOOL_CONVERSION = YES;
				CLANG_WARN_CONSTANT_CONVERSION = YES;
				CLANG_WARN_DIRECT_OBJC_ISA_USAGE = YES_ERROR;
				CLANG_WARN_EMPTY_BODY = YES;
				CLANG_WARN_ENUM_CONVERSION = YES;
				CLANG_WARN_INT_CONVERSION = YES;
				CLANG_WARN_OBJC_ROOT_CLASS = YES_ERROR;
				CLANG_WARN_UNREACHABLE_CODE = YES;
				CLANG_WARN__DUPLICATE_METHOD_MATCH = YES;
				"CODE_SIGN_IDENTITY[sdk=iphoneos*]" = "iPhone Developer";
				COPY_PHASE_STRIP = NO;
				DEBUG_INFORMATION_FORMAT = "dwarf-with-dsym";
				ENABLE_NS_ASSERTIONS = NO;
				ENABLE_STRICT_OBJC_MSGSEND = YES;
				GCC_C_LANGUAGE_STANDARD = gnu99;
				GCC_NO_COMMON_BLOCKS = YES;
				GCC_WARN_64_TO_32_BIT_CONVERSION = YES;
				GCC_WARN_ABOUT_RETURN_TYPE = YES_ERROR;
				GCC_WARN_UNDECLARED_SELECTOR = YES;
				GCC_WARN_UNINITIALIZED_AUTOS = YES_AGGRESSIVE;
				GCC_WARN_UNUSED_FUNCTION = YES;
				GCC_WARN_UNUSED_VARIABLE = YES;
				IPHONEOS_DEPLOYMENT_TARGET = 9.3;
				MTL_ENABLE_DEBUG_INFO = NO;
				SDKROOT = iphoneos;
				VALIDATE_PRODUCT = YES;
			};
			name = Release;
		};
		992DA9701D1EC9BD005CDC58 /* Debug */ = {
			isa = XCBuildConfiguration;
			buildSettings = {
				ASSETCATALOG_COMPILER_APPICON_NAME = AppIcon;
				INFOPLIST_FILE = ProtocolDemo/Info.plist;
				LD_RUNPATH_SEARCH_PATHS = "$(inherited) @executable_path/Frameworks";
				PRODUCT_BUNDLE_IDENTIFIER = abc.com.ProtocolDemo;
				PRODUCT_NAME = "$(TARGET_NAME)";
			};
			name = Debug;
		};
		992DA9711D1EC9BD005CDC58 /* Release */ = {
			isa = XCBuildConfiguration;
			buildSettings = {
				ASSETCATALOG_COMPILER_APPICON_NAME = AppIcon;
				INFOPLIST_FILE = ProtocolDemo/Info.plist;
				LD_RUNPATH_SEARCH_PATHS = "$(inherited) @executable_path/Frameworks";
				PRODUCT_BUNDLE_IDENTIFIER = abc.com.ProtocolDemo;
				PRODUCT_NAME = "$(TARGET_NAME)";
			};
			name = Release;
		};
/* End XCBuildConfiguration section */

/* Begin XCConfigurationList section */
		992DA9581D1EC9BD005CDC58 /* Build configuration list for PBXProject "ProtocolDemo" */ = {
			isa = XCConfigurationList;
			buildConfigurations = (
				992DA96D1D1EC9BD005CDC58 /* Debug */,
				992DA96E1D1EC9BD005CDC58 /* Release */,
			);
			defaultConfigurationIsVisible = 0;
			defaultConfigurationName = Release;
		};
		992DA96F1D1EC9BD005CDC58 /* Build configuration list for PBXNativeTarget "ProtocolDemo" */ = {
			isa = XCConfigurationList;
			buildConfigurations = (
				992DA9701D1EC9BD005CDC58 /* Debug */,
				992DA9711D1EC9BD005CDC58 /* Release */,
			);
			defaultConfigurationIsVisible = 0;
		};
/* End XCConfigurationList section */
	};
	rootObject = 992DA9551D1EC9BD005CDC58 /* Project object */;
}
